
Microsoft Visual Studio Solution File, Format Version 12.00
# Visual Studio Version 16
VisualStudioVersion = 16.0.31205.134
MinimumVisualStudioVersion = 10.0.40219.1
Project("{FAE04EC0-301F-11D3-BF4B-00C04F79EFBC}") = "SolarCell_DiodeModel_Fitting", "SolarCell_DiodeModel_Fitting.csproj", "{5712A37C-E1AD-432D-93D5-2ED50F50F811}"
EndProject
Global
	GlobalSection(SolutionConfigurationPlatforms) = preSolution
		Debug|Any CPU = Debug|Any CPU
		Release|Any CPU = Release|Any CPU
	EndGlobalSection
	GlobalSection(ProjectConfigurationPlatforms) = postSolution
		{5712A37C-E1AD-432D-93D5-2ED50F50F811}.Debug|Any CPU.ActiveCfg = Debug|Any CPU
		{5712A37C-E1AD-432D-93D5-2ED50F50F811}.Debug|Any CPU.Build.0 = Debug|Any CPU
		{5712A37C-E1AD-432D-93D5-2ED50F50F811}.Release|Any CPU.ActiveCfg = Release|Any CPU
		{5712A37C-E1AD-432D-93D5-2ED50F50F811}.Release|Any CPU.Build.0 = Release|Any CPU
	EndGlobalSection
	GlobalSection(SolutionProperties) = preSolution
		HideSolutionNode = FALSE
	EndGlobalSection
	GlobalSection(ExtensibilityGlobals) = postSolution
		SolutionGuid = {677E50E8-AB29-4449-A09E-A00659F826D6}
	EndGlobalSection
EndGlobal
